
Microsoft Visual Studio Solution File, Format Version 12.00
# Visual Studio 2012
Project("{FAE04EC0-301F-11D3-BF4B-00C04F79EFBC}") = "TabbedAppTest", "TabbedAppTest.csproj", "{F47A5BD2-84A4-4DDD-AA45-514B3EB52492}"
EndProject
Project("{FAE04EC0-301F-11D3-BF4B-00C04F79EFBC}") = "TabbedAppTest.UITests", "TabbedAppTest.UITests\TabbedAppTest.UITests.csproj", "{BA4AABC5-648A-4F0F-B2E1-4653739EAA9C}"
EndProject
Global
	GlobalSection(SolutionConfigurationPlatforms) = preSolution
		Debug|iPhoneSimulator = Debug|iPhoneSimulator
		Release|iPhone = Release|iPhone
		Release|iPhoneSimulator = Release|iPhoneSimulator
		Debug|iPhone = Debug|iPhone
		Debug|Any CPU = Debug|Any CPU
		Release|Any CPU = Release|Any CPU
	EndGlobalSection
	GlobalSection(ProjectConfigurationPlatforms) = postSolution
		{BA4AABC5-648A-4F0F-B2E1-4653739EAA9C}.Debug|Any CPU.ActiveCfg = Debug|Any CPU
		{BA4AABC5-648A-4F0F-B2E1-4653739EAA9C}.Debug|Any CPU.Build.0 = Debug|Any CPU
		{BA4AABC5-648A-4F0F-B2E1-4653739EAA9C}.Debug|iPhone.ActiveCfg = Debug|Any CPU
		{BA4AABC5-648A-4F0F-B2E1-4653739EAA9C}.Debug|iPhone.Build.0 = Debug|Any CPU
		{BA4AABC5-648A-4F0F-B2E1-4653739EAA9C}.Debug|iPhoneSimulator.ActiveCfg = Debug|Any CPU
		{BA4AABC5-648A-4F0F-B2E1-4653739EAA9C}.Debug|iPhoneSimulator.Build.0 = Debug|Any CPU
		{BA4AABC5-648A-4F0F-B2E1-4653739EAA9C}.Release|Any CPU.ActiveCfg = Release|Any CPU
		{BA4AABC5-648A-4F0F-B2E1-4653739EAA9C}.Release|Any CPU.Build.0 = Release|Any CPU
		{BA4AABC5-648A-4F0F-B2E1-4653739EAA9C}.Release|iPhone.ActiveCfg = Release|Any CPU
		{BA4AABC5-648A-4F0F-B2E1-4653739EAA9C}.Release|iPhone.Build.0 = Release|Any CPU
		{BA4AABC5-648A-4F0F-B2E1-4653739EAA9C}.Release|iPhoneSimulator.ActiveCfg = Release|Any CPU
		{BA4AABC5-648A-4F0F-B2E1-4653739EAA9C}.Release|iPhoneSimulator.Build.0 = Release|Any CPU
		{F47A5BD2-84A4-4DDD-AA45-514B3EB52492}.Debug|Any CPU.ActiveCfg = Debug|iPhoneSimulator
		{F47A5BD2-84A4-4DDD-AA45-514B3EB52492}.Debug|Any CPU.Build.0 = Debug|iPhoneSimulator
		{F47A5BD2-84A4-4DDD-AA45-514B3EB52492}.Debug|iPhone.ActiveCfg = Debug|iPhone
		{F47A5BD2-84A4-4DDD-AA45-514B3EB52492}.Debug|iPhone.Build.0 = Debug|iPhone
		{F47A5BD2-84A4-4DDD-AA45-514B3EB52492}.Debug|iPhoneSimulator.ActiveCfg = Debug|iPhoneSimulator
		{F47A5BD2-84A4-4DDD-AA45-514B3EB52492}.Debug|iPhoneSimulator.Build.0 = Debug|iPhoneSimulator
		{F47A5BD2-84A4-4DDD-AA45-514B3EB52492}.Release|Any CPU.ActiveCfg = Release|iPhone
		{F47A5BD2-84A4-4DDD-AA45-514B3EB52492}.Release|Any CPU.Build.0 = Release|iPhone
		{F47A5BD2-84A4-4DDD-AA45-514B3EB52492}.Release|iPhone.ActiveCfg = Release|iPhone
		{F47A5BD2-84A4-4DDD-AA45-514B3EB52492}.Release|iPhone.Build.0 = Release|iPhone
		{F47A5BD2-84A4-4DDD-AA45-514B3EB52492}.Release|iPhoneSimulator.ActiveCfg = Release|iPhoneSimulator
		{F47A5BD2-84A4-4DDD-AA45-514B3EB52492}.Release|iPhoneSimulator.Build.0 = Release|iPhoneSimulator
	EndGlobalSection
EndGlobal
