
Microsoft Visual Studio Solution File, Format Version 12.00
# Visual Studio 2012
Project("{FAE04EC0-301F-11D3-BF4B-00C04F79EFBC}") = "Pickers", "Pickers\Pickers.csproj", "{16E23B0F-C689-4CA8-8517-EF8F213C7B76}"
EndProject
Global
	GlobalSection(SolutionConfigurationPlatforms) = preSolution
		Debug|iPhoneSimulator = Debug|iPhoneSimulator
		Release|iPhone = Release|iPhone
		Release|iPhoneSimulator = Release|iPhoneSimulator
		Debug|iPhone = Debug|iPhone
		Debug|Any CPU = Debug|Any CPU
		Release|Any CPU = Release|Any CPU
	EndGlobalSection
	GlobalSection(ProjectConfigurationPlatforms) = postSolution
		{16E23B0F-C689-4CA8-8517-EF8F213C7B76}.Debug|Any CPU.ActiveCfg = Debug|iPhoneSimulator
		{16E23B0F-C689-4CA8-8517-EF8F213C7B76}.Debug|Any CPU.Build.0 = Debug|iPhoneSimulator
		{16E23B0F-C689-4CA8-8517-EF8F213C7B76}.Debug|iPhone.ActiveCfg = Debug|iPhone
		{16E23B0F-C689-4CA8-8517-EF8F213C7B76}.Debug|iPhone.Build.0 = Debug|iPhone
		{16E23B0F-C689-4CA8-8517-EF8F213C7B76}.Debug|iPhoneSimulator.ActiveCfg = Debug|iPhoneSimulator
		{16E23B0F-C689-4CA8-8517-EF8F213C7B76}.Debug|iPhoneSimulator.Build.0 = Debug|iPhoneSimulator
		{16E23B0F-C689-4CA8-8517-EF8F213C7B76}.Release|Any CPU.ActiveCfg = Release|iPhone
		{16E23B0F-C689-4CA8-8517-EF8F213C7B76}.Release|Any CPU.Build.0 = Release|iPhone
		{16E23B0F-C689-4CA8-8517-EF8F213C7B76}.Release|iPhone.ActiveCfg = Release|iPhone
		{16E23B0F-C689-4CA8-8517-EF8F213C7B76}.Release|iPhone.Build.0 = Release|iPhone
		{16E23B0F-C689-4CA8-8517-EF8F213C7B76}.Release|iPhoneSimulator.ActiveCfg = Release|iPhoneSimulator
		{16E23B0F-C689-4CA8-8517-EF8F213C7B76}.Release|iPhoneSimulator.Build.0 = Release|iPhoneSimulator
	EndGlobalSection
EndGlobal
