
Microsoft Visual Studio Solution File, Format Version 12.00
# Visual Studio 2012
Project("{FAE04EC0-301F-11D3-BF4B-00C04F79EFBC}") = "LayoutDemo", "OrientationDemo\LayoutDemo.csproj", "{84E87425-03B3-4369-A950-8D82F64C4797}"
EndProject
Global
	GlobalSection(SolutionConfigurationPlatforms) = preSolution
		Debug|iPhoneSimulator = Debug|iPhoneSimulator
		Release|iPhoneSimulator = Release|iPhoneSimulator
		Debug|iPhone = Debug|iPhone
		Release|iPhone = Release|iPhone
		Ad-Hoc|iPhone = Ad-Hoc|iPhone
		AppStore|iPhone = AppStore|iPhone
	EndGlobalSection
	GlobalSection(ProjectConfigurationPlatforms) = postSolution
		{84E87425-03B3-4369-A950-8D82F64C4797}.Ad-Hoc|iPhone.ActiveCfg = Ad-Hoc|iPhone
		{84E87425-03B3-4369-A950-8D82F64C4797}.Ad-Hoc|iPhone.Build.0 = Ad-Hoc|iPhone
		{84E87425-03B3-4369-A950-8D82F64C4797}.AppStore|iPhone.ActiveCfg = AppStore|iPhone
		{84E87425-03B3-4369-A950-8D82F64C4797}.AppStore|iPhone.Build.0 = AppStore|iPhone
		{84E87425-03B3-4369-A950-8D82F64C4797}.Debug|iPhone.ActiveCfg = Debug|iPhone
		{84E87425-03B3-4369-A950-8D82F64C4797}.Debug|iPhone.Build.0 = Debug|iPhone
		{84E87425-03B3-4369-A950-8D82F64C4797}.Debug|iPhoneSimulator.ActiveCfg = Debug|iPhoneSimulator
		{84E87425-03B3-4369-A950-8D82F64C4797}.Debug|iPhoneSimulator.Build.0 = Debug|iPhoneSimulator
		{84E87425-03B3-4369-A950-8D82F64C4797}.Release|iPhone.ActiveCfg = Release|iPhone
		{84E87425-03B3-4369-A950-8D82F64C4797}.Release|iPhone.Build.0 = Release|iPhone
		{84E87425-03B3-4369-A950-8D82F64C4797}.Release|iPhoneSimulator.ActiveCfg = Release|iPhoneSimulator
		{84E87425-03B3-4369-A950-8D82F64C4797}.Release|iPhoneSimulator.Build.0 = Release|iPhoneSimulator
	EndGlobalSection
EndGlobal
